
Microsoft Visual Studio Solution File, Format Version 12.00
# Visual Studio Version 16
VisualStudioVersion = 16.0.31613.86
MinimumVisualStudioVersion = 10.0.40219.1
Project("{2150E333-8FDC-42A3-9474-1A3956D46DE8}") = "src", "src", "{6889D2BC-DE04-46F7-9E75-9A9B0A5FAA06}"
EndProject
Project("{2150E333-8FDC-42A3-9474-1A3956D46DE8}") = "Building Blocks", "Building Blocks", "{B962FD63-75C2-45F9-99FA-9F80AEB2F07A}"
EndProject
Project("{2150E333-8FDC-42A3-9474-1A3956D46DE8}") = "Services", "Services", "{EFE47401-9546-4DEF-9812-7650D90A988E}"
EndProject
Project("{2150E333-8FDC-42A3-9474-1A3956D46DE8}") = "Web", "Web", "{D751B453-B144-4C29-84F7-E5768E63264A}"
EndProject
Project("{2150E333-8FDC-42A3-9474-1A3956D46DE8}") = "Identity", "Identity", "{9E6FE68C-5468-4AE3-B2F3-122420291C4D}"
EndProject
Project("{9A19103F-16F7-4668-BE54-9A1E7A4F7556}") = "NerdStore.Identity.API", "src\services\NerdStore.Identity.API\NerdStore.Identity.API.csproj", "{8FFDAE33-8B6B-4756-8137-0A643881B1BE}"
EndProject
Project("{2150E333-8FDC-42A3-9474-1A3956D46DE8}") = "MVC", "MVC", "{9447AB51-1BFA-47C4-B601-078477E38329}"
EndProject
Project("{9A19103F-16F7-4668-BE54-9A1E7A4F7556}") = "NerdStore.WebApp.MVC", "src\web\NerdStore.WebApp.MVC\NerdStore.WebApp.MVC.csproj", "{75C0B471-6518-44D7-9F80-86126ED39C1C}"
EndProject
Project("{2150E333-8FDC-42A3-9474-1A3956D46DE8}") = "Core", "Core", "{66036AB6-B376-43E0-B9FE-5F3E2E086D1C}"
EndProject
Project("{9A19103F-16F7-4668-BE54-9A1E7A4F7556}") = "NerdStore.Core", "src\building blocks\NerdStore.Core\NerdStore.Core.csproj", "{3E709E20-6280-4004-B924-5C80BEBA2D15}"
EndProject
Project("{2150E333-8FDC-42A3-9474-1A3956D46DE8}") = "Payment", "Payment", "{5A287E55-3066-49B3-8120-D79AF4F0799C}"
EndProject
Project("{2150E333-8FDC-42A3-9474-1A3956D46DE8}") = "Order", "Order", "{E1AC638C-2ADD-4AC1-BAB1-CDC37AE2803E}"
EndProject
Project("{2150E333-8FDC-42A3-9474-1A3956D46DE8}") = "Customer", "Customer", "{45EC03E5-9610-48F5-9FE6-F4D0532804ED}"
EndProject
Project("{2150E333-8FDC-42A3-9474-1A3956D46DE8}") = "Catalog", "Catalog", "{D7FB1B68-F391-47A4-8A2B-3E662A8C3EFA}"
EndProject
Project("{2150E333-8FDC-42A3-9474-1A3956D46DE8}") = "ShoppingCart", "ShoppingCart", "{9C92EFEF-65D7-4AAD-990A-9E38B407194D}"
EndProject
Project("{9A19103F-16F7-4668-BE54-9A1E7A4F7556}") = "NerdStore.Catalog.API", "src\services\NerdStore.Catalog.API\NerdStore.Catalog.API.csproj", "{588238AC-2BAF-4385-857A-E8E744A7BF1C}"
EndProject
Project("{9A19103F-16F7-4668-BE54-9A1E7A4F7556}") = "NerdStore.Customer.API", "src\services\NerdStore.Customer.API\NerdStore.Customer.API.csproj", "{DD3690F8-7DAD-416F-88BA-DBFE22AFBD16}"
EndProject
Project("{9A19103F-16F7-4668-BE54-9A1E7A4F7556}") = "NerdStore.Order.API", "src\services\NerdStore.Order.API\NerdStore.Order.API.csproj", "{F7A237DF-445F-4662-8CEA-DEEDD62814A5}"
EndProject
Project("{9A19103F-16F7-4668-BE54-9A1E7A4F7556}") = "NerdStore.Payment.API", "src\services\NerdStore.Payment.API\NerdStore.Payment.API.csproj", "{D5E5A956-B759-4F8E-BBEC-1E9916336252}"
EndProject
Project("{9A19103F-16F7-4668-BE54-9A1E7A4F7556}") = "NerdStore.ShoppingCart.API", "src\services\NerdStore.ShoppingCart.API\NerdStore.ShoppingCart.API.csproj", "{762BE16A-52CB-4AF9-B2B7-80E5409B6780}"
EndProject
Project("{9A19103F-16F7-4668-BE54-9A1E7A4F7556}") = "NerdStore.WebAPI.Core", "src\building blocks\NerdStore.WebAPI.Core\NerdStore.WebAPI.Core.csproj", "{F2E94704-6E83-42AD-8FA8-CF2777EDEC30}"
EndProject
Project("{FAE04EC0-301F-11D3-BF4B-00C04F79EFBC}") = "NerdStore.MessageBus", "src\building blocks\NerdStore.MessageBus\NerdStore.MessageBus.csproj", "{549AB266-5BAA-4F25-AFE9-2FDB6A8E155C}"
EndProject
Global
	GlobalSection(SolutionConfigurationPlatforms) = preSolution
		Debug|Any CPU = Debug|Any CPU
		Release|Any CPU = Release|Any CPU
	EndGlobalSection
	GlobalSection(ProjectConfigurationPlatforms) = postSolution
		{8FFDAE33-8B6B-4756-8137-0A643881B1BE}.Debug|Any CPU.ActiveCfg = Debug|Any CPU
		{8FFDAE33-8B6B-4756-8137-0A643881B1BE}.Debug|Any CPU.Build.0 = Debug|Any CPU
		{8FFDAE33-8B6B-4756-8137-0A643881B1BE}.Release|Any CPU.ActiveCfg = Release|Any CPU
		{8FFDAE33-8B6B-4756-8137-0A643881B1BE}.Release|Any CPU.Build.0 = Release|Any CPU
		{75C0B471-6518-44D7-9F80-86126ED39C1C}.Debug|Any CPU.ActiveCfg = Debug|Any CPU
		{75C0B471-6518-44D7-9F80-86126ED39C1C}.Debug|Any CPU.Build.0 = Debug|Any CPU
		{75C0B471-6518-44D7-9F80-86126ED39C1C}.Release|Any CPU.ActiveCfg = Release|Any CPU
		{75C0B471-6518-44D7-9F80-86126ED39C1C}.Release|Any CPU.Build.0 = Release|Any CPU
		{3E709E20-6280-4004-B924-5C80BEBA2D15}.Debug|Any CPU.ActiveCfg = Debug|Any CPU
		{3E709E20-6280-4004-B924-5C80BEBA2D15}.Debug|Any CPU.Build.0 = Debug|Any CPU
		{3E709E20-6280-4004-B924-5C80BEBA2D15}.Release|Any CPU.ActiveCfg = Release|Any CPU
		{3E709E20-6280-4004-B924-5C80BEBA2D15}.Release|Any CPU.Build.0 = Release|Any CPU
		{588238AC-2BAF-4385-857A-E8E744A7BF1C}.Debug|Any CPU.ActiveCfg = Debug|Any CPU
		{588238AC-2BAF-4385-857A-E8E744A7BF1C}.Debug|Any CPU.Build.0 = Debug|Any CPU
		{588238AC-2BAF-4385-857A-E8E744A7BF1C}.Release|Any CPU.ActiveCfg = Release|Any CPU
		{588238AC-2BAF-4385-857A-E8E744A7BF1C}.Release|Any CPU.Build.0 = Release|Any CPU
		{DD3690F8-7DAD-416F-88BA-DBFE22AFBD16}.Debug|Any CPU.ActiveCfg = Debug|Any CPU
		{DD3690F8-7DAD-416F-88BA-DBFE22AFBD16}.Debug|Any CPU.Build.0 = Debug|Any CPU
		{DD3690F8-7DAD-416F-88BA-DBFE22AFBD16}.Release|Any CPU.ActiveCfg = Release|Any CPU
		{DD3690F8-7DAD-416F-88BA-DBFE22AFBD16}.Release|Any CPU.Build.0 = Release|Any CPU
		{F7A237DF-445F-4662-8CEA-DEEDD62814A5}.Debug|Any CPU.ActiveCfg = Debug|Any CPU
		{F7A237DF-445F-4662-8CEA-DEEDD62814A5}.Debug|Any CPU.Build.0 = Debug|Any CPU
		{F7A237DF-445F-4662-8CEA-DEEDD62814A5}.Release|Any CPU.ActiveCfg = Release|Any CPU
		{F7A237DF-445F-4662-8CEA-DEEDD62814A5}.Release|Any CPU.Build.0 = Release|Any CPU
		{D5E5A956-B759-4F8E-BBEC-1E9916336252}.Debug|Any CPU.ActiveCfg = Debug|Any CPU
		{D5E5A956-B759-4F8E-BBEC-1E9916336252}.Debug|Any CPU.Build.0 = Debug|Any CPU
		{D5E5A956-B759-4F8E-BBEC-1E9916336252}.Release|Any CPU.ActiveCfg = Release|Any CPU
		{D5E5A956-B759-4F8E-BBEC-1E9916336252}.Release|Any CPU.Build.0 = Release|Any CPU
		{762BE16A-52CB-4AF9-B2B7-80E5409B6780}.Debug|Any CPU.ActiveCfg = Debug|Any CPU
		{762BE16A-52CB-4AF9-B2B7-80E5409B6780}.Debug|Any CPU.Build.0 = Debug|Any CPU
		{762BE16A-52CB-4AF9-B2B7-80E5409B6780}.Release|Any CPU.ActiveCfg = Release|Any CPU
		{762BE16A-52CB-4AF9-B2B7-80E5409B6780}.Release|Any CPU.Build.0 = Release|Any CPU
		{F2E94704-6E83-42AD-8FA8-CF2777EDEC30}.Debug|Any CPU.ActiveCfg = Debug|Any CPU
		{F2E94704-6E83-42AD-8FA8-CF2777EDEC30}.Debug|Any CPU.Build.0 = Debug|Any CPU
		{F2E94704-6E83-42AD-8FA8-CF2777EDEC30}.Release|Any CPU.ActiveCfg = Release|Any CPU
		{F2E94704-6E83-42AD-8FA8-CF2777EDEC30}.Release|Any CPU.Build.0 = Release|Any CPU
		{549AB266-5BAA-4F25-AFE9-2FDB6A8E155C}.Debug|Any CPU.ActiveCfg = Debug|Any CPU
		{549AB266-5BAA-4F25-AFE9-2FDB6A8E155C}.Debug|Any CPU.Build.0 = Debug|Any CPU
		{549AB266-5BAA-4F25-AFE9-2FDB6A8E155C}.Release|Any CPU.ActiveCfg = Release|Any CPU
		{549AB266-5BAA-4F25-AFE9-2FDB6A8E155C}.Release|Any CPU.Build.0 = Release|Any CPU
	EndGlobalSection
	GlobalSection(SolutionProperties) = preSolution
		HideSolutionNode = FALSE
	EndGlobalSection
	GlobalSection(NestedProjects) = preSolution
		{B962FD63-75C2-45F9-99FA-9F80AEB2F07A} = {6889D2BC-DE04-46F7-9E75-9A9B0A5FAA06}
		{EFE47401-9546-4DEF-9812-7650D90A988E} = {6889D2BC-DE04-46F7-9E75-9A9B0A5FAA06}
		{D751B453-B144-4C29-84F7-E5768E63264A} = {6889D2BC-DE04-46F7-9E75-9A9B0A5FAA06}
		{9E6FE68C-5468-4AE3-B2F3-122420291C4D} = {EFE47401-9546-4DEF-9812-7650D90A988E}
		{8FFDAE33-8B6B-4756-8137-0A643881B1BE} = {9E6FE68C-5468-4AE3-B2F3-122420291C4D}
		{9447AB51-1BFA-47C4-B601-078477E38329} = {D751B453-B144-4C29-84F7-E5768E63264A}
		{75C0B471-6518-44D7-9F80-86126ED39C1C} = {9447AB51-1BFA-47C4-B601-078477E38329}
		{66036AB6-B376-43E0-B9FE-5F3E2E086D1C} = {B962FD63-75C2-45F9-99FA-9F80AEB2F07A}
		{3E709E20-6280-4004-B924-5C80BEBA2D15} = {66036AB6-B376-43E0-B9FE-5F3E2E086D1C}
		{5A287E55-3066-49B3-8120-D79AF4F0799C} = {EFE47401-9546-4DEF-9812-7650D90A988E}
		{E1AC638C-2ADD-4AC1-BAB1-CDC37AE2803E} = {EFE47401-9546-4DEF-9812-7650D90A988E}
		{45EC03E5-9610-48F5-9FE6-F4D0532804ED} = {EFE47401-9546-4DEF-9812-7650D90A988E}
		{D7FB1B68-F391-47A4-8A2B-3E662A8C3EFA} = {EFE47401-9546-4DEF-9812-7650D90A988E}
		{9C92EFEF-65D7-4AAD-990A-9E38B407194D} = {EFE47401-9546-4DEF-9812-7650D90A988E}
		{588238AC-2BAF-4385-857A-E8E744A7BF1C} = {D7FB1B68-F391-47A4-8A2B-3E662A8C3EFA}
		{DD3690F8-7DAD-416F-88BA-DBFE22AFBD16} = {45EC03E5-9610-48F5-9FE6-F4D0532804ED}
		{F7A237DF-445F-4662-8CEA-DEEDD62814A5} = {E1AC638C-2ADD-4AC1-BAB1-CDC37AE2803E}
		{D5E5A956-B759-4F8E-BBEC-1E9916336252} = {5A287E55-3066-49B3-8120-D79AF4F0799C}
		{762BE16A-52CB-4AF9-B2B7-80E5409B6780} = {9C92EFEF-65D7-4AAD-990A-9E38B407194D}
		{F2E94704-6E83-42AD-8FA8-CF2777EDEC30} = {66036AB6-B376-43E0-B9FE-5F3E2E086D1C}
		{549AB266-5BAA-4F25-AFE9-2FDB6A8E155C} = {66036AB6-B376-43E0-B9FE-5F3E2E086D1C}
	EndGlobalSection
	GlobalSection(ExtensibilityGlobals) = postSolution
		SolutionGuid = {83286931-6B27-4143-A3E2-30BE610C64EF}
	EndGlobalSection
EndGlobal
